# THIS IS AN AUTOGENERATED FILE. DO NOT EDIT THIS FILE DIRECTLY.
# yarn lockfile v1


rails-ujs@^5.2.6:
  version "5.2.6"
  resolved "https://registry.yarnpkg.com/rails-ujs/-/rails-ujs-5.2.6.tgz#4193242a108d0cd9ed3595695644755c0bd329eb"
  integrity sha512-JpUq5RlA4p5XE69dz0ZOIkn1xXQn9H8VDXQJWuVPRtFBOFylWFriaDVpxFmdQuARPo4bm2l67uIMMBpX6KNY+g==
